// !$*UTF8*$!
{
	archiveVersion = 1;
	classes = {
	};
	objectVersion = 46;
	objects = {

/* Begin PBXBuildFile section */
		83BD0EE91D4DC23D00318D0D /* AppDelegate.m in Sources */ = {isa = PBXBuildFile; fileRef = 83BD0EE81D4DC23D00318D0D /* AppDelegate.m */; };
		83BD0EEC1D4DC23D00318D0D /* main.m in Sources */ = {isa = PBXBuildFile; fileRef = 83BD0EEB1D4DC23D00318D0D /* main.m */; };
		83BD0EEE1D4DC23E00318D0D /* Assets.xcassets in Resources */ = {isa = PBXBuildFile; fileRef = 83BD0EED1D4DC23E00318D0D /* Assets.xcassets */; };
		83BD0EF11D4DC23E00318D0D /* MainMenu.xib in Resources */ = {isa = PBXBuildFile; fileRef = 83BD0EEF1D4DC23E00318D0D /* MainMenu.xib */; };
		83BD0EFA1D4DC89300318D0D /* AppController.m in Sources */ = {isa = PBXBuildFile; fileRef = 83BD0EF91D4DC89300318D0D /* AppController.m */; };
		83BD0EFE1D4DC8EC00318D0D /* FirstViewController.m in Sources */ = {isa = PBXBuildFile; fileRef = 83BD0EFC1D4DC8EC00318D0D /* FirstViewController.m */; };
		83BD0EFF1D4DC8EC00318D0D /* FirstViewController.xib in Resources */ = {isa = PBXBuildFile; fileRef = 83BD0EFD1D4DC8EC00318D0D /* FirstViewController.xib */; };
		83BD0F031D4DC99A00318D0D /* SecondViewController.m in Sources */ = {isa = PBXBuildFile; fileRef = 83BD0F011D4DC99A00318D0D /* SecondViewController.m */; };
		83BD0F041D4DC99A00318D0D /* SecondViewController.xib in Resources */ = {isa = PBXBuildFile; fileRef = 83BD0F021D4DC99A00318D0D /* SecondViewController.xib */; };
/* End PBXBuildFile section */

/* Begin PBXFileReference section */
		83BD0EE41D4DC23D00318D0D /* LearnFromStart.app */ = {isa = PBXFileReference; explicitFileType = wrapper.application; includeInIndex = 0; path = LearnFromStart.app; sourceTree = BUILT_PRODUCTS_DIR; };
		83BD0EE71D4DC23D00318D0D /* AppDelegate.h */ = {isa = PBXFileReference; lastKnownFileType = sourcecode.c.h; path = AppDelegate.h; sourceTree = "<group>"; };
		83BD0EE81D4DC23D00318D0D /* AppDelegate.m */ = {isa = PBXFileReference; lastKnownFileType = sourcecode.c.objc; path = AppDelegate.m; sourceTree = "<group>"; };
		83BD0EEB1D4DC23D00318D0D /* main.m */ = {isa = PBXFileReference; lastKnownFileType = sourcecode.c.objc; path = main.m; sourceTree = "<group>"; };
		83BD0EED1D4DC23E00318D0D /* Assets.xcassets */ = {isa = PBXFileReference; lastKnownFileType = folder.assetcatalog; path = Assets.xcassets; sourceTree = "<group>"; };
		83BD0EF01D4DC23E00318D0D /* Base */ = {isa = PBXFileReference; lastKnownFileType = file.xib; name = Base; path = Base.lproj/MainMenu.xib; sourceTree = "<group>"; };
		83BD0EF21D4DC23E00318D0D /* Info.plist */ = {isa = PBXFileReference; lastKnownFileType = text.plist.xml; path = Info.plist; sourceTree = "<group>"; };
		83BD0EF81D4DC89300318D0D /* AppController.h */ = {isa = PBXFileReference; fileEncoding = 4; lastKnownFileType = sourcecode.c.h; path = AppController.h; sourceTree = "<group>"; };
		83BD0EF91D4DC89300318D0D /* AppController.m */ = {isa = PBXFileReference; fileEncoding = 4; lastKnownFileType = sourcecode.c.objc; path = AppController.m; sourceTree = "<group>"; };
		83BD0EFB1D4DC8EC00318D0D /* FirstViewController.h */ = {isa = PBXFileReference; fileEncoding = 4; lastKnownFileType = sourcecode.c.h; path = FirstViewController.h; sourceTree = "<group>"; };
		83BD0EFC1D4DC8EC00318D0D /* FirstViewController.m */ = {isa = PBXFileReference; fileEncoding = 4; lastKnownFileType = sourcecode.c.objc; path = FirstViewController.m; sourceTree = "<group>"; };
		83BD0EFD1D4DC8EC00318D0D /* FirstViewController.xib */ = {isa = PBXFileReference; fileEncoding = 4; lastKnownFileType = file.xib; path = FirstViewController.xib; sourceTree = "<group>"; };
		83BD0F001D4DC99A00318D0D /* SecondViewController.h */ = {isa = PBXFileReference; fileEncoding = 4; lastKnownFileType = sourcecode.c.h; path = SecondViewController.h; sourceTree = "<group>"; };
		83BD0F011D4DC99A00318D0D /* SecondViewController.m */ = {isa = PBXFileReference; fileEncoding = 4; lastKnownFileType = sourcecode.c.objc; path = SecondViewController.m; sourceTree = "<group>"; };
		83BD0F021D4DC99A00318D0D /* SecondViewController.xib */ = {isa = PBXFileReference; fileEncoding = 4; lastKnownFileType = file.xib; path = SecondViewController.xib; sourceTree = "<group>"; };
/* End PBXFileReference section */

/* Begin PBXFrameworksBuildPhase section */
		83BD0EE11D4DC23D00318D0D /* Frameworks */ = {
			isa = PBXFrameworksBuildPhase;
			buildActionMask = 2147483647;
			files = (
			);
			runOnlyForDeploymentPostprocessing = 0;
		};
/* End PBXFrameworksBuildPhase section */

/* Begin PBXGroup section */
		83BD0EDB1D4DC23D00318D0D = {
			isa = PBXGroup;
			children = (
				83BD0EE61D4DC23D00318D0D /* LearnFromStart */,
				83BD0EE51D4DC23D00318D0D /* Products */,
			);
			sourceTree = "<group>";
		};
		83BD0EE51D4DC23D00318D0D /* Products */ = {
			isa = PBXGroup;
			children = (
				83BD0EE41D4DC23D00318D0D /* LearnFromStart.app */,
			);
			name = Products;
			sourceTree = "<group>";
		};
		83BD0EE61D4DC23D00318D0D /* LearnFromStart */ = {
			isa = PBXGroup;
			children = (
				83BD0EE71D4DC23D00318D0D /* AppDelegate.h */,
				83BD0EE81D4DC23D00318D0D /* AppDelegate.m */,
				83BD0EED1D4DC23E00318D0D /* Assets.xcassets */,
				83BD0EEF1D4DC23E00318D0D /* MainMenu.xib */,
				83BD0EF81D4DC89300318D0D /* AppController.h */,
				83BD0EFB1D4DC8EC00318D0D /* FirstViewController.h */,
				83BD0EFC1D4DC8EC00318D0D /* FirstViewController.m */,
				83BD0EFD1D4DC8EC00318D0D /* FirstViewController.xib */,
				83BD0F001D4DC99A00318D0D /* SecondViewController.h */,
				83BD0F011D4DC99A00318D0D /* SecondViewController.m */,
				83BD0F021D4DC99A00318D0D /* SecondViewController.xib */,
				83BD0EF91D4DC89300318D0D /* AppController.m */,
				83BD0EF21D4DC23E00318D0D /* Info.plist */,
				83BD0EEA1D4DC23D00318D0D /* Supporting Files */,
			);
			path = LearnFromStart;
			sourceTree = "<group>";
		};
		83BD0EEA1D4DC23D00318D0D /* Supporting Files */ = {
			isa = PBXGroup;
			children = (
				83BD0EEB1D4DC23D00318D0D /* main.m */,
			);
			name = "Supporting Files";
			sourceTree = "<group>";
		};
/* End PBXGroup section */

/* Begin PBXNativeTarget section */
		83BD0EE31D4DC23D00318D0D /* LearnFromStart */ = {
			isa = PBXNativeTarget;
			buildConfigurationList = 83BD0EF51D4DC23E00318D0D /* Build configuration list for PBXNativeTarget "LearnFromStart" */;
			buildPhases = (
				83BD0EE01D4DC23D00318D0D /* Sources */,
				83BD0EE11D4DC23D00318D0D /* Frameworks */,
				83BD0EE21D4DC23D00318D0D /* Resources */,
			);
			buildRules = (
			);
			dependencies = (
			);
			name = LearnFromStart;
			productName = LearnFromStart;
			productReference = 83BD0EE41D4DC23D00318D0D /* LearnFromStart.app */;
			productType = "com.apple.product-type.application";
		};
/* End PBXNativeTarget section */

/* Begin PBXProject section */
		83BD0EDC1D4DC23D00318D0D /* Project object */ = {
			isa = PBXProject;
			attributes = {
				LastUpgradeCheck = 0730;
				ORGANIZATIONNAME = towry;
				TargetAttributes = {
					83BD0EE31D4DC23D00318D0D = {
						CreatedOnToolsVersion = 7.3.1;
					};
				};
			};
			buildConfigurationList = 83BD0EDF1D4DC23D00318D0D /* Build configuration list for PBXProject "LearnFromStart" */;
			compatibilityVersion = "Xcode 3.2";
			developmentRegion = English;
			hasScannedForEncodings = 0;
			knownRegions = (
				en,
				Base,
			);
			mainGroup = 83BD0EDB1D4DC23D00318D0D;
			productRefGroup = 83BD0EE51D4DC23D00318D0D /* Products */;
			projectDirPath = "";
			projectRoot = "";
			targets = (
				83BD0EE31D4DC23D00318D0D /* LearnFromStart */,
			);
		};
/* End PBXProject section */

/* Begin PBXResourcesBuildPhase section */
		83BD0EE21D4DC23D00318D0D /* Resources */ = {
			isa = PBXResourcesBuildPhase;
			buildActionMask = 2147483647;
			files = (
				83BD0F041D4DC99A00318D0D /* SecondViewController.xib in Resources */,
				83BD0EEE1D4DC23E00318D0D /* Assets.xcassets in Resources */,
				83BD0EFF1D4DC8EC00318D0D /* FirstViewController.xib in Resources */,
				83BD0EF11D4DC23E00318D0D /* MainMenu.xib in Resources */,
			);
			runOnlyForDeploymentPostprocessing = 0;
		};
/* End PBXResourcesBuildPhase section */

/* Begin PBXSourcesBuildPhase section */
		83BD0EE01D4DC23D00318D0D /* Sources */ = {
			isa = PBXSourcesBuildPhase;
			buildActionMask = 2147483647;
			files = (
				83BD0F031D4DC99A00318D0D /* SecondViewController.m in Sources */,
				83BD0EEC1D4DC23D00318D0D /* main.m in Sources */,
				83BD0EFA1D4DC89300318D0D /* AppController.m in Sources */,
				83BD0EE91D4DC23D00318D0D /* AppDelegate.m in Sources */,
				83BD0EFE1D4DC8EC00318D0D /* FirstViewController.m in Sources */,
			);
			runOnlyForDeploymentPostprocessing = 0;
		};
/* End PBXSourcesBuildPhase section */

/* Begin PBXVariantGroup section */
		83BD0EEF1D4DC23E00318D0D /* MainMenu.xib */ = {
			isa = PBXVariantGroup;
			children = (
				83BD0EF01D4DC23E00318D0D /* Base */,
			);
			name = MainMenu.xib;
			sourceTree = "<group>";
		};
/* End PBXVariantGroup section */

/* Begin XCBuildConfiguration section */
		83BD0EF31D4DC23E00318D0D /* Debug */ = {
			isa = XCBuildConfiguration;
			buildSettings = {
				ALWAYS_SEARCH_USER_PATHS = NO;
				CLANG_ANALYZER_NONNULL = YES;
				CLANG_CXX_LANGUAGE_STANDARD = "gnu++0x";
				CLANG_CXX_LIBRARY = "libc++";
				CLANG_ENABLE_MODULES = YES;
				CLANG_ENABLE_OBJC_ARC = YES;
				CLANG_WARN_BOOL_CONVERSION = YES;
				CLANG_WARN_CONSTANT_CONVERSION = YES;
				CLANG_WARN_DIRECT_OBJC_ISA_USAGE = YES_ERROR;
				CLANG_WARN_EMPTY_BODY = YES;
				CLANG_WARN_ENUM_CONVERSION = YES;
				CLANG_WARN_INT_CONVERSION = YES;
				CLANG_WARN_OBJC_ROOT_CLASS = YES_ERROR;
				CLANG_WARN_UNREACHABLE_CODE = YES;
				CLANG_WARN__DUPLICATE_METHOD_MATCH = YES;
				CODE_SIGN_IDENTITY = "-";
				COPY_PHASE_STRIP = NO;
				DEBUG_INFORMATION_FORMAT = dwarf;
				ENABLE_STRICT_OBJC_MSGSEND = YES;
				ENABLE_TESTABILITY = YES;
				GCC_C_LANGUAGE_STANDARD = gnu99;
				GCC_DYNAMIC_NO_PIC = NO;
				GCC_NO_COMMON_BLOCKS = YES;
				GCC_OPTIMIZATION_LEVEL = 0;
				GCC_PREPROCESSOR_DEFINITIONS = (
					"DEBUG=1",
					"$(inherited)",
				);
				GCC_WARN_64_TO_32_BIT_CONVERSION = YES;
				GCC_WARN_ABOUT_RETURN_TYPE = YES_ERROR;
				GCC_WARN_UNDECLARED_SELECTOR = YES;
				GCC_WARN_UNINITIALIZED_AUTOS = YES_AGGRESSIVE;
				GCC_WARN_UNUSED_FUNCTION = YES;
				GCC_WARN_UNUSED_VARIABLE = YES;
				MACOSX_DEPLOYMENT_TARGET = 10.11;
				MTL_ENABLE_DEBUG_INFO = YES;
				ONLY_ACTIVE_ARCH = YES;
				SDKROOT = macosx;
			};
			name = Debug;
		};
		83BD0EF41D4DC23E00318D0D /* Release */ = {
			isa = XCBuildConfiguration;
			buildSettings = {
				ALWAYS_SEARCH_USER_PATHS = NO;
				CLANG_ANALYZER_NONNULL = YES;
				CLANG_CXX_LANGUAGE_STANDARD = "gnu++0x";
				CLANG_CXX_LIBRARY = "libc++";
				CLANG_ENABLE_MODULES = YES;
				CLANG_ENABLE_OBJC_ARC = YES;
				CLANG_WARN_BOOL_CONVERSION = YES;
				CLANG_WARN_CONSTANT_CONVERSION = YES;
				CLANG_WARN_DIRECT_OBJC_ISA_USAGE = YES_ERROR;
				CLANG_WARN_EMPTY_BODY = YES;
				CLANG_WARN_ENUM_CONVERSION = YES;
				CLANG_WARN_INT_CONVERSION = YES;
				CLANG_WARN_OBJC_ROOT_CLASS = YES_ERROR;
				CLANG_WARN_UNREACHABLE_CODE = YES;
				CLANG_WARN__DUPLICATE_METHOD_MATCH = YES;
				CODE_SIGN_IDENTITY = "-";
				COPY_PHASE_STRIP = NO;
				DEBUG_INFORMATION_FORMAT = "dwarf-with-dsym";
				ENABLE_NS_ASSERTIONS = NO;
				ENABLE_STRICT_OBJC_MSGSEND = YES;
				GCC_C_LANGUAGE_STANDARD = gnu99;
				GCC_NO_COMMON_BLOCKS = YES;
				GCC_WARN_64_TO_32_BIT_CONVERSION = YES;
				GCC_WARN_ABOUT_RETURN_TYPE = YES_ERROR;
				GCC_WARN_UNDECLARED_SELECTOR = YES;
				GCC_WARN_UNINITIALIZED_AUTOS = YES_AGGRESSIVE;
				GCC_WARN_UNUSED_FUNCTION = YES;
				GCC_WARN_UNUSED_VARIABLE = YES;
				MACOSX_DEPLOYMENT_TARGET = 10.11;
				MTL_ENABLE_DEBUG_INFO = NO;
				SDKROOT = macosx;
			};
			name = Release;
		};
		83BD0EF61D4DC23E00318D0D /* Debug */ = {
			isa = XCBuildConfiguration;
			buildSettings = {
				ASSETCATALOG_COMPILER_APPICON_NAME = AppIcon;
				COMBINE_HIDPI_IMAGES = YES;
				INFOPLIST_FILE = LearnFromStart/Info.plist;
				LD_RUNPATH_SEARCH_PATHS = "$(inherited) @executable_path/../Frameworks";
				PRODUCT_BUNDLE_IDENTIFIER = me.towry.LearnFromStart;
				PRODUCT_NAME = "$(TARGET_NAME)";
			};
			name = Debug;
		};
		83BD0EF71D4DC23E00318D0D /* Release */ = {
			isa = XCBuildConfiguration;
			buildSettings = {
				ASSETCATALOG_COMPILER_APPICON_NAME = AppIcon;
				COMBINE_HIDPI_IMAGES = YES;
				INFOPLIST_FILE = LearnFromStart/Info.plist;
				LD_RUNPATH_SEARCH_PATHS = "$(inherited) @executable_path/../Frameworks";
				PRODUCT_BUNDLE_IDENTIFIER = me.towry.LearnFromStart;
				PRODUCT_NAME = "$(TARGET_NAME)";
			};
			name = Release;
		};
/* End XCBuildConfiguration section */

/* Begin XCConfigurationList section */
		83BD0EDF1D4DC23D00318D0D /* Build configuration list for PBXProject "LearnFromStart" */ = {
			isa = XCConfigurationList;
			buildConfigurations = (
				83BD0EF31D4DC23E00318D0D /* Debug */,
				83BD0EF41D4DC23E00318D0D /* Release */,
			);
			defaultConfigurationIsVisible = 0;
			defaultConfigurationName = Release;
		};
		83BD0EF51D4DC23E00318D0D /* Build configuration list for PBXNativeTarget "LearnFromStart" */ = {
			isa = XCConfigurationList;
			buildConfigurations = (
				83BD0EF61D4DC23E00318D0D /* Debug */,
				83BD0EF71D4DC23E00318D0D /* Release */,
			);
			defaultConfigurationIsVisible = 0;
		};
/* End XCConfigurationList section */
	};
	rootObject = 83BD0EDC1D4DC23D00318D0D /* Project object */;
}
